// !$*UTF8*$!
{
	archiveVersion = 1;
	classes = {
	};
	objectVersion = 46;
	objects = {

/* Begin PBXBuildFile section */
		2A816F301DB10EE2000C64B9 /* AppDelegate.swift in Sources */ = {isa = PBXBuildFile; fileRef = 2A816F2F1DB10EE2000C64B9 /* AppDelegate.swift */; };
		2A816F381DB10EE2000C64B9 /* SORT.xcdatamodeld in Sources */ = {isa = PBXBuildFile; fileRef = 2A816F361DB10EE2000C64B9 /* SORT.xcdatamodeld */; };
		2A816F3A1DB10EE2000C64B9 /* Assets.xcassets in Resources */ = {isa = PBXBuildFile; fileRef = 2A816F391DB10EE2000C64B9 /* Assets.xcassets */; };
		2A816F3D1DB10EE2000C64B9 /* LaunchScreen.storyboard in Resources */ = {isa = PBXBuildFile; fileRef = 2A816F3B1DB10EE2000C64B9 /* LaunchScreen.storyboard */; };
		2A816F641DB1101E000C64B9 /* SORT.swift in Sources */ = {isa = PBXBuildFile; fileRef = 2A816F631DB1101E000C64B9 /* SORT.swift */; };
		2A816F681DB1108F000C64B9 /* SORTViewController.swift in Sources */ = {isa = PBXBuildFile; fileRef = 2A816F671DB1108F000C64B9 /* SORTViewController.swift */; };
		2A816F6F1DB1116B000C64B9 /* SegueVC.swift in Sources */ = {isa = PBXBuildFile; fileRef = 2A816F6E1DB1116B000C64B9 /* SegueVC.swift */; };
		2A816F711DB1119D000C64B9 /* DelegationVC.swift in Sources */ = {isa = PBXBuildFile; fileRef = 2A816F701DB1119D000C64B9 /* DelegationVC.swift */; };
		2A816F731DB1123E000C64B9 /* SortProvider.swift in Sources */ = {isa = PBXBuildFile; fileRef = 2A816F721DB1123E000C64B9 /* SortProvider.swift */; };
		2A816F761DB112A3000C64B9 /* AlertProvider.swift in Sources */ = {isa = PBXBuildFile; fileRef = 2A816F751DB112A3000C64B9 /* AlertProvider.swift */; };
		2A816F7B1DB112F5000C64B9 /* Enumerations.swift in Sources */ = {isa = PBXBuildFile; fileRef = 2A816F781DB112F5000C64B9 /* Enumerations.swift */; };
		2A816F7C1DB112F5000C64B9 /* Extensions.swift in Sources */ = {isa = PBXBuildFile; fileRef = 2A816F791DB112F5000C64B9 /* Extensions.swift */; };
		2A816F7D1DB112F5000C64B9 /* Functions.swift in Sources */ = {isa = PBXBuildFile; fileRef = 2A816F7A1DB112F5000C64B9 /* Functions.swift */; };
		2A816F801DB113AF000C64B9 /* SeedData.swift in Sources */ = {isa = PBXBuildFile; fileRef = 2A816F7F1DB113AF000C64B9 /* SeedData.swift */; };
		2A816F821DB28430000C64B9 /* Main.storyboard in Resources */ = {isa = PBXBuildFile; fileRef = 2A816F811DB28430000C64B9 /* Main.storyboard */; };
		2A816F931DB320E7000C64B9 /* UnitTests.swift in Sources */ = {isa = PBXBuildFile; fileRef = 2A816F921DB320E7000C64B9 /* UnitTests.swift */; };
		2A816F9B1DB32134000C64B9 /* SORTViewControllerTests.swift in Sources */ = {isa = PBXBuildFile; fileRef = 2A816F9A1DB32134000C64B9 /* SORTViewControllerTests.swift */; };
		2A816F9D1DB32608000C64B9 /* Info.plist in Resources */ = {isa = PBXBuildFile; fileRef = 2A816F9C1DB32608000C64B9 /* Info.plist */; };
/* End PBXBuildFile section */

/* Begin PBXContainerItemProxy section */
		2A816F441DB10EE2000C64B9 /* PBXContainerItemProxy */ = {
			isa = PBXContainerItemProxy;
			containerPortal = 2A816F241DB10EE2000C64B9 /* Project object */;
			proxyType = 1;
			remoteGlobalIDString = 2A816F2B1DB10EE2000C64B9;
			remoteInfo = SORT;
		};
		2A816F951DB320E7000C64B9 /* PBXContainerItemProxy */ = {
			isa = PBXContainerItemProxy;
			containerPortal = 2A816F241DB10EE2000C64B9 /* Project object */;
			proxyType = 1;
			remoteGlobalIDString = 2A816F2B1DB10EE2000C64B9;
			remoteInfo = SORT;
		};
/* End PBXContainerItemProxy section */

/* Begin PBXFileReference section */
		2A816F2C1DB10EE2000C64B9 /* SORT.app */ = {isa = PBXFileReference; explicitFileType = wrapper.application; includeInIndex = 0; path = SORT.app; sourceTree = BUILT_PRODUCTS_DIR; };
		2A816F2F1DB10EE2000C64B9 /* AppDelegate.swift */ = {isa = PBXFileReference; lastKnownFileType = sourcecode.swift; path = AppDelegate.swift; sourceTree = "<group>"; };
		2A816F371DB10EE2000C64B9 /* SORT.xcdatamodel */ = {isa = PBXFileReference; lastKnownFileType = wrapper.xcdatamodel; path = SORT.xcdatamodel; sourceTree = "<group>"; };
		2A816F391DB10EE2000C64B9 /* Assets.xcassets */ = {isa = PBXFileReference; lastKnownFileType = folder.assetcatalog; path = Assets.xcassets; sourceTree = "<group>"; };
		2A816F3C1DB10EE2000C64B9 /* Base */ = {isa = PBXFileReference; lastKnownFileType = file.storyboard; name = Base; path = Base.lproj/LaunchScreen.storyboard; sourceTree = "<group>"; };
		2A816F431DB10EE2000C64B9 /* SORTTests.xctest */ = {isa = PBXFileReference; explicitFileType = wrapper.cfbundle; includeInIndex = 0; path = SORTTests.xctest; sourceTree = BUILT_PRODUCTS_DIR; };
		2A816F631DB1101E000C64B9 /* SORT.swift */ = {isa = PBXFileReference; fileEncoding = 4; lastKnownFileType = sourcecode.swift; name = SORT.swift; path = Model/SORT.swift; sourceTree = "<group>"; };
		2A816F671DB1108F000C64B9 /* SORTViewController.swift */ = {isa = PBXFileReference; fileEncoding = 4; lastKnownFileType = sourcecode.swift; path = SORTViewController.swift; sourceTree = "<group>"; };
		2A816F6E1DB1116B000C64B9 /* SegueVC.swift */ = {isa = PBXFileReference; fileEncoding = 4; lastKnownFileType = sourcecode.swift; path = SegueVC.swift; sourceTree = "<group>"; };
		2A816F701DB1119D000C64B9 /* DelegationVC.swift */ = {isa = PBXFileReference; fileEncoding = 4; lastKnownFileType = sourcecode.swift; name = DelegationVC.swift; path = ../DelegationVC.swift; sourceTree = "<group>"; };
		2A816F721DB1123E000C64B9 /* SortProvider.swift */ = {isa = PBXFileReference; fileEncoding = 4; lastKnownFileType = sourcecode.swift; path = SortProvider.swift; sourceTree = "<group>"; };
		2A816F751DB112A3000C64B9 /* AlertProvider.swift */ = {isa = PBXFileReference; fileEncoding = 4; lastKnownFileType = sourcecode.swift; path = AlertProvider.swift; sourceTree = "<group>"; };
		2A816F781DB112F5000C64B9 /* Enumerations.swift */ = {isa = PBXFileReference; fileEncoding = 4; lastKnownFileType = sourcecode.swift; path = Enumerations.swift; sourceTree = "<group>"; };
		2A816F791DB112F5000C64B9 /* Extensions.swift */ = {isa = PBXFileReference; fileEncoding = 4; lastKnownFileType = sourcecode.swift; path = Extensions.swift; sourceTree = "<group>"; };
		2A816F7A1DB112F5000C64B9 /* Functions.swift */ = {isa = PBXFileReference; fileEncoding = 4; lastKnownFileType = sourcecode.swift; path = Functions.swift; sourceTree = "<group>"; };
		2A816F7F1DB113AF000C64B9 /* SeedData.swift */ = {isa = PBXFileReference; fileEncoding = 4; lastKnownFileType = sourcecode.swift; path = SeedData.swift; sourceTree = "<group>"; };
		2A816F811DB28430000C64B9 /* Main.storyboard */ = {isa = PBXFileReference; fileEncoding = 4; lastKnownFileType = file.storyboard; path = Main.storyboard; sourceTree = "<group>"; };
		2A816F901DB320E7000C64B9 /* SORTTests2.xctest */ = {isa = PBXFileReference; explicitFileType = wrapper.cfbundle; includeInIndex = 0; path = SORTTests2.xctest; sourceTree = BUILT_PRODUCTS_DIR; };
		2A816F921DB320E7000C64B9 /* UnitTests.swift */ = {isa = PBXFileReference; lastKnownFileType = sourcecode.swift; path = UnitTests.swift; sourceTree = "<group>"; };
		2A816F941DB320E7000C64B9 /* Info.plist */ = {isa = PBXFileReference; lastKnownFileType = text.plist.xml; path = Info.plist; sourceTree = "<group>"; };
		2A816F9A1DB32134000C64B9 /* SORTViewControllerTests.swift */ = {isa = PBXFileReference; fileEncoding = 4; lastKnownFileType = sourcecode.swift; path = SORTViewControllerTests.swift; sourceTree = "<group>"; };
		2A816F9C1DB32608000C64B9 /* Info.plist */ = {isa = PBXFileReference; fileEncoding = 4; lastKnownFileType = text.plist.xml; path = Info.plist; sourceTree = "<group>"; };
/* End PBXFileReference section */

/* Begin PBXFrameworksBuildPhase section */
		2A816F291DB10EE2000C64B9 /* Frameworks */ = {
			isa = PBXFrameworksBuildPhase;
			buildActionMask = 2147483647;
			files = (
			);
			runOnlyForDeploymentPostprocessing = 0;
		};
		2A816F401DB10EE2000C64B9 /* Frameworks */ = {
			isa = PBXFrameworksBuildPhase;
			buildActionMask = 2147483647;
			files = (
			);
			runOnlyForDeploymentPostprocessing = 0;
		};
		2A816F8D1DB320E7000C64B9 /* Frameworks */ = {
			isa = PBXFrameworksBuildPhase;
			buildActionMask = 2147483647;
			files = (
			);
			runOnlyForDeploymentPostprocessing = 0;
		};
/* End PBXFrameworksBuildPhase section */

/* Begin PBXGroup section */
		2A816F231DB10EE2000C64B9 = {
			isa = PBXGroup;
			children = (
				2A816F2E1DB10EE2000C64B9 /* SORT */,
				2A816F911DB320E7000C64B9 /* SORTTests2 */,
				2A816F2D1DB10EE2000C64B9 /* Products */,
			);
			sourceTree = "<group>";
		};
		2A816F2D1DB10EE2000C64B9 /* Products */ = {
			isa = PBXGroup;
			children = (
				2A816F2C1DB10EE2000C64B9 /* SORT.app */,
				2A816F431DB10EE2000C64B9 /* SORTTests.xctest */,
				2A816F901DB320E7000C64B9 /* SORTTests2.xctest */,
			);
			name = Products;
			sourceTree = "<group>";
		};
		2A816F2E1DB10EE2000C64B9 /* SORT */ = {
			isa = PBXGroup;
			children = (
				2A816F621DB10FD4000C64B9 /* View */,
				2A816F7E1DB1134B000C64B9 /* Support */,
				2A816F741DB1124B000C64B9 /* Provider */,
				2A816F661DB1105D000C64B9 /* Controller */,
				2A816F651DB11031000C64B9 /* Model */,
				2A816F771DB112C4000C64B9 /* Global */,
				2A816F2F1DB10EE2000C64B9 /* AppDelegate.swift */,
				2A816F361DB10EE2000C64B9 /* SORT.xcdatamodeld */,
			);
			path = SORT;
			sourceTree = "<group>";
		};
		2A816F621DB10FD4000C64B9 /* View */ = {
			isa = PBXGroup;
			children = (
				2A816F3B1DB10EE2000C64B9 /* LaunchScreen.storyboard */,
				2A816F391DB10EE2000C64B9 /* Assets.xcassets */,
				2A816F811DB28430000C64B9 /* Main.storyboard */,
			);
			name = View;
			sourceTree = "<group>";
		};
		2A816F651DB11031000C64B9 /* Model */ = {
			isa = PBXGroup;
			children = (
				2A816F631DB1101E000C64B9 /* SORT.swift */,
			);
			name = Model;
			sourceTree = "<group>";
		};
		2A816F661DB1105D000C64B9 /* Controller */ = {
			isa = PBXGroup;
			children = (
				2A816F691DB110EB000C64B9 /* SORTDetails */,
				2A816F671DB1108F000C64B9 /* SORTViewController.swift */,
			);
			name = Controller;
			sourceTree = "<group>";
		};
		2A816F691DB110EB000C64B9 /* SORTDetails */ = {
			isa = PBXGroup;
			children = (
				2A816F701DB1119D000C64B9 /* DelegationVC.swift */,
				2A816F6E1DB1116B000C64B9 /* SegueVC.swift */,
			);
			name = SORTDetails;
			sourceTree = "<group>";
		};
		2A816F741DB1124B000C64B9 /* Provider */ = {
			isa = PBXGroup;
			children = (
				2A816F751DB112A3000C64B9 /* AlertProvider.swift */,
				2A816F721DB1123E000C64B9 /* SortProvider.swift */,
			);
			name = Provider;
			sourceTree = "<group>";
		};
		2A816F771DB112C4000C64B9 /* Global */ = {
			isa = PBXGroup;
			children = (
				2A816F781DB112F5000C64B9 /* Enumerations.swift */,
				2A816F791DB112F5000C64B9 /* Extensions.swift */,
				2A816F7A1DB112F5000C64B9 /* Functions.swift */,
			);
			name = Global;
			sourceTree = "<group>";
		};
		2A816F7E1DB1134B000C64B9 /* Support */ = {
			isa = PBXGroup;
			children = (
				2A816F9C1DB32608000C64B9 /* Info.plist */,
				2A816F7F1DB113AF000C64B9 /* SeedData.swift */,
			);
			name = Support;
			sourceTree = "<group>";
		};
		2A816F911DB320E7000C64B9 /* SORTTests2 */ = {
			isa = PBXGroup;
			children = (
				2A816F9A1DB32134000C64B9 /* SORTViewControllerTests.swift */,
				2A816F921DB320E7000C64B9 /* UnitTests.swift */,
				2A816F941DB320E7000C64B9 /* Info.plist */,
			);
			path = SORTTests2;
			sourceTree = "<group>";
		};
/* End PBXGroup section */

/* Begin PBXNativeTarget section */
		2A816F2B1DB10EE2000C64B9 /* SORT */ = {
			isa = PBXNativeTarget;
			buildConfigurationList = 2A816F571DB10EE2000C64B9 /* Build configuration list for PBXNativeTarget "SORT" */;
			buildPhases = (
				2A816F281DB10EE2000C64B9 /* Sources */,
				2A816F291DB10EE2000C64B9 /* Frameworks */,
				2A816F2A1DB10EE2000C64B9 /* Resources */,
			);
			buildRules = (
			);
			dependencies = (
			);
			name = SORT;
			productName = SORT;
			productReference = 2A816F2C1DB10EE2000C64B9 /* SORT.app */;
			productType = "com.apple.product-type.application";
		};
		2A816F421DB10EE2000C64B9 /* SORTTests */ = {
			isa = PBXNativeTarget;
			buildConfigurationList = 2A816F5A1DB10EE2000C64B9 /* Build configuration list for PBXNativeTarget "SORTTests" */;
			buildPhases = (
				2A816F3F1DB10EE2000C64B9 /* Sources */,
				2A816F401DB10EE2000C64B9 /* Frameworks */,
				2A816F411DB10EE2000C64B9 /* Resources */,
			);
			buildRules = (
			);
			dependencies = (
				2A816F451DB10EE2000C64B9 /* PBXTargetDependency */,
			);
			name = SORTTests;
			productName = SORTTests;
			productReference = 2A816F431DB10EE2000C64B9 /* SORTTests.xctest */;
			productType = "com.apple.product-type.bundle.unit-test";
		};
		2A816F8F1DB320E7000C64B9 /* SORTTests2 */ = {
			isa = PBXNativeTarget;
			buildConfigurationList = 2A816F971DB320E7000C64B9 /* Build configuration list for PBXNativeTarget "SORTTests2" */;
			buildPhases = (
				2A816F8C1DB320E7000C64B9 /* Sources */,
				2A816F8D1DB320E7000C64B9 /* Frameworks */,
				2A816F8E1DB320E7000C64B9 /* Resources */,
			);
			buildRules = (
			);
			dependencies = (
				2A816F961DB320E7000C64B9 /* PBXTargetDependency */,
			);
			name = SORTTests2;
			productName = SORTTests2;
			productReference = 2A816F901DB320E7000C64B9 /* SORTTests2.xctest */;
			productType = "com.apple.product-type.bundle.unit-test";
		};
/* End PBXNativeTarget section */

/* Begin PBXProject section */
		2A816F241DB10EE2000C64B9 /* Project object */ = {
			isa = PBXProject;
			attributes = {
				LastSwiftUpdateCheck = 0800;
				LastUpgradeCheck = 0800;
				ORGANIZATIONNAME = "Nolan McQueen";
				TargetAttributes = {
					2A816F2B1DB10EE2000C64B9 = {
						CreatedOnToolsVersion = 8.0;
						ProvisioningStyle = Automatic;
					};
					2A816F421DB10EE2000C64B9 = {
						CreatedOnToolsVersion = 8.0;
						ProvisioningStyle = Automatic;
						TestTargetID = 2A816F2B1DB10EE2000C64B9;
					};
					2A816F8F1DB320E7000C64B9 = {
						CreatedOnToolsVersion = 8.0;
						ProvisioningStyle = Automatic;
						TestTargetID = 2A816F2B1DB10EE2000C64B9;
					};
				};
			};
			buildConfigurationList = 2A816F271DB10EE2000C64B9 /* Build configuration list for PBXProject "SORT" */;
			compatibilityVersion = "Xcode 3.2";
			developmentRegion = English;
			hasScannedForEncodings = 0;
			knownRegions = (
				en,
				Base,
			);
			mainGroup = 2A816F231DB10EE2000C64B9;
			productRefGroup = 2A816F2D1DB10EE2000C64B9 /* Products */;
			projectDirPath = "";
			projectRoot = "";
			targets = (
				2A816F2B1DB10EE2000C64B9 /* SORT */,
				2A816F421DB10EE2000C64B9 /* SORTTests */,
				2A816F8F1DB320E7000C64B9 /* SORTTests2 */,
			);
		};
/* End PBXProject section */

/* Begin PBXResourcesBuildPhase section */
		2A816F2A1DB10EE2000C64B9 /* Resources */ = {
			isa = PBXResourcesBuildPhase;
			buildActionMask = 2147483647;
			files = (
				2A816F9D1DB32608000C64B9 /* Info.plist in Resources */,
				2A816F3D1DB10EE2000C64B9 /* LaunchScreen.storyboard in Resources */,
				2A816F3A1DB10EE2000C64B9 /* Assets.xcassets in Resources */,
				2A816F821DB28430000C64B9 /* Main.storyboard in Resources */,
			);
			runOnlyForDeploymentPostprocessing = 0;
		};
		2A816F411DB10EE2000C64B9 /* Resources */ = {
			isa = PBXResourcesBuildPhase;
			buildActionMask = 2147483647;
			files = (
			);
			runOnlyForDeploymentPostprocessing = 0;
		};
		2A816F8E1DB320E7000C64B9 /* Resources */ = {
			isa = PBXResourcesBuildPhase;
			buildActionMask = 2147483647;
			files = (
			);
			runOnlyForDeploymentPostprocessing = 0;
		};
/* End PBXResourcesBuildPhase section */

/* Begin PBXSourcesBuildPhase section */
		2A816F281DB10EE2000C64B9 /* Sources */ = {
			isa = PBXSourcesBuildPhase;
			buildActionMask = 2147483647;
			files = (
				2A816F381DB10EE2000C64B9 /* SORT.xcdatamodeld in Sources */,
				2A816F801DB113AF000C64B9 /* SeedData.swift in Sources */,
				2A816F641DB1101E000C64B9 /* SORT.swift in Sources */,
				2A816F7B1DB112F5000C64B9 /* Enumerations.swift in Sources */,
				2A816F681DB1108F000C64B9 /* SORTViewController.swift in Sources */,
				2A816F6F1DB1116B000C64B9 /* SegueVC.swift in Sources */,
				2A816F761DB112A3000C64B9 /* AlertProvider.swift in Sources */,
				2A816F301DB10EE2000C64B9 /* AppDelegate.swift in Sources */,
				2A816F711DB1119D000C64B9 /* DelegationVC.swift in Sources */,
				2A816F7C1DB112F5000C64B9 /* Extensions.swift in Sources */,
				2A816F731DB1123E000C64B9 /* SortProvider.swift in Sources */,
				2A816F7D1DB112F5000C64B9 /* Functions.swift in Sources */,
			);
			runOnlyForDeploymentPostprocessing = 0;
		};
		2A816F3F1DB10EE2000C64B9 /* Sources */ = {
			isa = PBXSourcesBuildPhase;
			buildActionMask = 2147483647;
			files = (
			);
			runOnlyForDeploymentPostprocessing = 0;
		};
		2A816F8C1DB320E7000C64B9 /* Sources */ = {
			isa = PBXSourcesBuildPhase;
			buildActionMask = 2147483647;
			files = (
				2A816F931DB320E7000C64B9 /* UnitTests.swift in Sources */,
				2A816F9B1DB32134000C64B9 /* SORTViewControllerTests.swift in Sources */,
			);
			runOnlyForDeploymentPostprocessing = 0;
		};
/* End PBXSourcesBuildPhase section */

/* Begin PBXTargetDependency section */
		2A816F451DB10EE2000C64B9 /* PBXTargetDependency */ = {
			isa = PBXTargetDependency;
			target = 2A816F2B1DB10EE2000C64B9 /* SORT */;
			targetProxy = 2A816F441DB10EE2000C64B9 /* PBXContainerItemProxy */;
		};
		2A816F961DB320E7000C64B9 /* PBXTargetDependency */ = {
			isa = PBXTargetDependency;
			target = 2A816F2B1DB10EE2000C64B9 /* SORT */;
			targetProxy = 2A816F951DB320E7000C64B9 /* PBXContainerItemProxy */;
		};
/* End PBXTargetDependency section */

/* Begin PBXVariantGroup section */
		2A816F3B1DB10EE2000C64B9 /* LaunchScreen.storyboard */ = {
			isa = PBXVariantGroup;
			children = (
				2A816F3C1DB10EE2000C64B9 /* Base */,
			);
			name = LaunchScreen.storyboard;
			sourceTree = "<group>";
		};
/* End PBXVariantGroup section */

/* Begin XCBuildConfiguration section */
		2A816F551DB10EE2000C64B9 /* Debug */ = {
			isa = XCBuildConfiguration;
			buildSettings = {
				ALWAYS_SEARCH_USER_PATHS = NO;
				CLANG_ANALYZER_NONNULL = YES;
				CLANG_CXX_LANGUAGE_STANDARD = "gnu++0x";
				CLANG_CXX_LIBRARY = "libc++";
				CLANG_ENABLE_MODULES = YES;
				CLANG_ENABLE_OBJC_ARC = YES;
				CLANG_WARN_BOOL_CONVERSION = YES;
				CLANG_WARN_CONSTANT_CONVERSION = YES;
				CLANG_WARN_DIRECT_OBJC_ISA_USAGE = YES_ERROR;
				CLANG_WARN_DOCUMENTATION_COMMENTS = YES;
				CLANG_WARN_EMPTY_BODY = YES;
				CLANG_WARN_ENUM_CONVERSION = YES;
				CLANG_WARN_INFINITE_RECURSION = YES;
				CLANG_WARN_INT_CONVERSION = YES;
				CLANG_WARN_OBJC_ROOT_CLASS = YES_ERROR;
				CLANG_WARN_SUSPICIOUS_MOVES = YES;
				CLANG_WARN_UNREACHABLE_CODE = YES;
				CLANG_WARN__DUPLICATE_METHOD_MATCH = YES;
				"CODE_SIGN_IDENTITY[sdk=iphoneos*]" = "iPhone Developer";
				COPY_PHASE_STRIP = NO;
				DEBUG_INFORMATION_FORMAT = dwarf;
				ENABLE_STRICT_OBJC_MSGSEND = YES;
				ENABLE_TESTABILITY = YES;
				GCC_C_LANGUAGE_STANDARD = gnu99;
				GCC_DYNAMIC_NO_PIC = NO;
				GCC_NO_COMMON_BLOCKS = YES;
				GCC_OPTIMIZATION_LEVEL = 0;
				GCC_PREPROCESSOR_DEFINITIONS = (
					"DEBUG=1",
					"$(inherited)",
				);
				GCC_WARN_64_TO_32_BIT_CONVERSION = YES;
				GCC_WARN_ABOUT_RETURN_TYPE = YES_ERROR;
				GCC_WARN_UNDECLARED_SELECTOR = YES;
				GCC_WARN_UNINITIALIZED_AUTOS = YES_AGGRESSIVE;
				GCC_WARN_UNUSED_FUNCTION = YES;
				GCC_WARN_UNUSED_VARIABLE = YES;
				IPHONEOS_DEPLOYMENT_TARGET = 10.0;
				MTL_ENABLE_DEBUG_INFO = YES;
				ONLY_ACTIVE_ARCH = YES;
				SDKROOT = iphoneos;
				SWIFT_ACTIVE_COMPILATION_CONDITIONS = DEBUG;
				SWIFT_OPTIMIZATION_LEVEL = "-Onone";
			};
			name = Debug;
		};
		2A816F561DB10EE2000C64B9 /* Release */ = {
			isa = XCBuildConfiguration;
			buildSettings = {
				ALWAYS_SEARCH_USER_PATHS = NO;
				CLANG_ANALYZER_NONNULL = YES;
				CLANG_CXX_LANGUAGE_STANDARD = "gnu++0x";
				CLANG_CXX_LIBRARY = "libc++";
				CLANG_ENABLE_MODULES = YES;
				CLANG_ENABLE_OBJC_ARC = YES;
				CLANG_WARN_BOOL_CONVERSION = YES;
				CLANG_WARN_CONSTANT_CONVERSION = YES;
				CLANG_WARN_DIRECT_OBJC_ISA_USAGE = YES_ERROR;
				CLANG_WARN_DOCUMENTATION_COMMENTS = YES;
				CLANG_WARN_EMPTY_BODY = YES;
				CLANG_WARN_ENUM_CONVERSION = YES;
				CLANG_WARN_INFINITE_RECURSION = YES;
				CLANG_WARN_INT_CONVERSION = YES;
				CLANG_WARN_OBJC_ROOT_CLASS = YES_ERROR;
				CLANG_WARN_SUSPICIOUS_MOVES = YES;
				CLANG_WARN_UNREACHABLE_CODE = YES;
				CLANG_WARN__DUPLICATE_METHOD_MATCH = YES;
				"CODE_SIGN_IDENTITY[sdk=iphoneos*]" = "iPhone Developer";
				COPY_PHASE_STRIP = NO;
				DEBUG_INFORMATION_FORMAT = "dwarf-with-dsym";
				ENABLE_NS_ASSERTIONS = NO;
				ENABLE_STRICT_OBJC_MSGSEND = YES;
				GCC_C_LANGUAGE_STANDARD = gnu99;
				GCC_NO_COMMON_BLOCKS = YES;
				GCC_WARN_64_TO_32_BIT_CONVERSION = YES;
				GCC_WARN_ABOUT_RETURN_TYPE = YES_ERROR;
				GCC_WARN_UNDECLARED_SELECTOR = YES;
				GCC_WARN_UNINITIALIZED_AUTOS = YES_AGGRESSIVE;
				GCC_WARN_UNUSED_FUNCTION = YES;
				GCC_WARN_UNUSED_VARIABLE = YES;
				IPHONEOS_DEPLOYMENT_TARGET = 10.0;
				MTL_ENABLE_DEBUG_INFO = NO;
				SDKROOT = iphoneos;
				SWIFT_OPTIMIZATION_LEVEL = "-Owholemodule";
				VALIDATE_PRODUCT = YES;
			};
			name = Release;
		};
		2A816F581DB10EE2000C64B9 /* Debug */ = {
			isa = XCBuildConfiguration;
			buildSettings = {
				ASSETCATALOG_COMPILER_APPICON_NAME = AppIcon;
				INFOPLIST_FILE = SORT/Info.plist;
				LD_RUNPATH_SEARCH_PATHS = "$(inherited) @executable_path/Frameworks";
				PRODUCT_BUNDLE_IDENTIFIER = nmcqueen.SORT;
				PRODUCT_NAME = "$(TARGET_NAME)";
				SWIFT_VERSION = 3.0;
			};
			name = Debug;
		};
		2A816F591DB10EE2000C64B9 /* Release */ = {
			isa = XCBuildConfiguration;
			buildSettings = {
				ASSETCATALOG_COMPILER_APPICON_NAME = AppIcon;
				INFOPLIST_FILE = SORT/Info.plist;
				LD_RUNPATH_SEARCH_PATHS = "$(inherited) @executable_path/Frameworks";
				PRODUCT_BUNDLE_IDENTIFIER = nmcqueen.SORT;
				PRODUCT_NAME = "$(TARGET_NAME)";
				SWIFT_VERSION = 3.0;
			};
			name = Release;
		};
		2A816F5B1DB10EE2000C64B9 /* Debug */ = {
			isa = XCBuildConfiguration;
			buildSettings = {
				ALWAYS_EMBED_SWIFT_STANDARD_LIBRARIES = YES;
				BUNDLE_LOADER = "$(TEST_HOST)";
				INFOPLIST_FILE = SORTTests/Info.plist;
				LD_RUNPATH_SEARCH_PATHS = "$(inherited) @executable_path/Frameworks @loader_path/Frameworks";
				PRODUCT_BUNDLE_IDENTIFIER = nmcqueen.SORTTests;
				PRODUCT_NAME = "$(TARGET_NAME)";
				SWIFT_VERSION = 3.0;
				TEST_HOST = "$(BUILT_PRODUCTS_DIR)/SORT.app/SORT";
			};
			name = Debug;
		};
		2A816F5C1DB10EE2000C64B9 /* Release */ = {
			isa = XCBuildConfiguration;
			buildSettings = {
				ALWAYS_EMBED_SWIFT_STANDARD_LIBRARIES = YES;
				BUNDLE_LOADER = "$(TEST_HOST)";
				INFOPLIST_FILE = SORTTests/Info.plist;
				LD_RUNPATH_SEARCH_PATHS = "$(inherited) @executable_path/Frameworks @loader_path/Frameworks";
				PRODUCT_BUNDLE_IDENTIFIER = nmcqueen.SORTTests;
				PRODUCT_NAME = "$(TARGET_NAME)";
				SWIFT_VERSION = 3.0;
				TEST_HOST = "$(BUILT_PRODUCTS_DIR)/SORT.app/SORT";
			};
			name = Release;
		};
		2A816F981DB320E7000C64B9 /* Debug */ = {
			isa = XCBuildConfiguration;
			buildSettings = {
				BUNDLE_LOADER = "$(TEST_HOST)";
				INFOPLIST_FILE = SORTTests2/Info.plist;
				LD_RUNPATH_SEARCH_PATHS = "$(inherited) @executable_path/Frameworks @loader_path/Frameworks";
				PRODUCT_BUNDLE_IDENTIFIER = nmcqueen.SORTTests2;
				PRODUCT_NAME = "$(TARGET_NAME)";
				SWIFT_VERSION = 3.0;
				TEST_HOST = "$(BUILT_PRODUCTS_DIR)/SORT.app/SORT";
			};
			name = Debug;
		};
		2A816F991DB320E7000C64B9 /* Release */ = {
			isa = XCBuildConfiguration;
			buildSettings = {
				BUNDLE_LOADER = "$(TEST_HOST)";
				INFOPLIST_FILE = SORTTests2/Info.plist;
				LD_RUNPATH_SEARCH_PATHS = "$(inherited) @executable_path/Frameworks @loader_path/Frameworks";
				PRODUCT_BUNDLE_IDENTIFIER = nmcqueen.SORTTests2;
				PRODUCT_NAME = "$(TARGET_NAME)";
				SWIFT_VERSION = 3.0;
				TEST_HOST = "$(BUILT_PRODUCTS_DIR)/SORT.app/SORT";
			};
			name = Release;
		};
/* End XCBuildConfiguration section */

/* Begin XCConfigurationList section */
		2A816F271DB10EE2000C64B9 /* Build configuration list for PBXProject "SORT" */ = {
			isa = XCConfigurationList;
			buildConfigurations = (
				2A816F551DB10EE2000C64B9 /* Debug */,
				2A816F561DB10EE2000C64B9 /* Release */,
			);
			defaultConfigurationIsVisible = 0;
			defaultConfigurationName = Release;
		};
		2A816F571DB10EE2000C64B9 /* Build configuration list for PBXNativeTarget "SORT" */ = {
			isa = XCConfigurationList;
			buildConfigurations = (
				2A816F581DB10EE2000C64B9 /* Debug */,
				2A816F591DB10EE2000C64B9 /* Release */,
			);
			defaultConfigurationIsVisible = 0;
			defaultConfigurationName = Release;
		};
		2A816F5A1DB10EE2000C64B9 /* Build configuration list for PBXNativeTarget "SORTTests" */ = {
			isa = XCConfigurationList;
			buildConfigurations = (
				2A816F5B1DB10EE2000C64B9 /* Debug */,
				2A816F5C1DB10EE2000C64B9 /* Release */,
			);
			defaultConfigurationIsVisible = 0;
			defaultConfigurationName = Release;
		};
		2A816F971DB320E7000C64B9 /* Build configuration list for PBXNativeTarget "SORTTests2" */ = {
			isa = XCConfigurationList;
			buildConfigurations = (
				2A816F981DB320E7000C64B9 /* Debug */,
				2A816F991DB320E7000C64B9 /* Release */,
			);
			defaultConfigurationIsVisible = 0;
		};
/* End XCConfigurationList section */

/* Begin XCVersionGroup section */
		2A816F361DB10EE2000C64B9 /* SORT.xcdatamodeld */ = {
			isa = XCVersionGroup;
			children = (
				2A816F371DB10EE2000C64B9 /* SORT.xcdatamodel */,
			);
			currentVersion = 2A816F371DB10EE2000C64B9 /* SORT.xcdatamodel */;
			path = SORT.xcdatamodeld;
			sourceTree = "<group>";
			versionGroupType = wrapper.xcdatamodel;
		};
/* End XCVersionGroup section */
	};
	rootObject = 2A816F241DB10EE2000C64B9 /* Project object */;
}
